PODS:
  - audio_session (0.0.1):
    - Flutter
  - DKImagePickerController/Core (4.3.9):
    - DKImagePickerController/ImageDataManager
    - DKImagePickerController/Resource
  - DKImagePickerController/ImageDataManager (4.3.9)
  - DKImagePickerController/PhotoGallery (4.3.9):
    - DKImagePickerController/Core
    - DKPhotoGallery
  - DKImagePickerController/Resource (4.3.9)
  - DKPhotoGallery (0.0.19):
    - DKPhotoGallery/Core (= 0.0.19)
    - DKPhotoGallery/Model (= 0.0.19)
    - DKPhotoGallery/Preview (= 0.0.19)
    - DKPhotoGallery/Resource (= 0.0.19)
    - SDWebImage
    - SwiftyGif
  - DKPhotoGallery/Core (0.0.19):
    - DKPhotoGallery/Model
    - DKPhotoGallery/Preview
    - SDWebImage
    - SwiftyGif
  - DKPhotoGallery/Model (0.0.19):
    - SDWebImage
    - SwiftyGif
  - DKPhotoGallery/Preview (0.0.19):
    - DKPhotoGallery/Model
    - DKPhotoGallery/Resource
    - SDWebImage
    - SwiftyGif
  - DKPhotoGallery/Resource (0.0.19):
    - SDWebImage
    - SwiftyGif
  - emoji_picker_flutter (0.0.1):
    - Flutter
  - file_picker (0.0.1):
    - DKImagePickerController/PhotoGallery
    - Flutter
  - Flutter (1.0.0)
  - flutter_image_compress_common (1.0.0):
    - Flutter
    - Mantle
    - SDWebImage
    - SDWebImageWebPCoder
  - flutter_local_notifications (0.0.1):
    - Flutter
  - flutter_secure_storage_darwin (10.0.0):
    - Flutter
    - FlutterMacOS
  - flutter_soloud (0.0.1):
    - Flutter
  - flutter_sound (9.30.0):
    - Flutter
    - flutter_sound_core (= 9.30.0)
  - flutter_sound_core (9.30.0)
  - flutter_timezone (0.0.1):
    - Flutter
  - image_picker_ios (0.0.1):
    - Flutter
  - integration_test (0.0.1):
    - Flutter
  - just_audio (0.0.1):
    - Flutter
    - FlutterMacOS
  - libwebp (1.5.0):
    - libwebp/demux (= 1.5.0)
    - libwebp/mux (= 1.5.0)
    - libwebp/sharpyuv (= 1.5.0)
    - libwebp/webp (= 1.5.0)
  - libwebp/demux (1.5.0):
    - libwebp/webp
  - libwebp/mux (1.5.0):
    - libwebp/demux
  - libwebp/sharpyuv (1.5.0)
  - libwebp/webp (1.5.0):
    - libwebp/sharpyuv
  - local_auth_darwin (0.0.1):
    - Flutter
    - FlutterMacOS
  - Mantle (2.2.0):
    - Mantle/extobjc (= 2.2.0)
  - Mantle/extobjc (2.2.0)
  - mobile_scanner (7.0.0):
    - Flutter
    - FlutterMacOS
  - permission_handler_apple (9.3.0):
    - Flutter
  - prism_sync (0.0.1):
    - Flutter
  - record_ios (1.2.0):
    - Flutter
  - SDWebImage (5.21.7):
    - SDWebImage/Core (= 5.21.7)
  - SDWebImage/Core (5.21.7)
  - SDWebImageWebPCoder (0.15.0):
    - libwebp (~> 1.0)
    - SDWebImage/Core (~> 5.17)
  - share_plus (0.0.1):
    - Flutter
  - shared_preferences_foundation (0.0.1):
    - Flutter
    - FlutterMacOS
  - SwiftyGif (5.4.5)
  - url_launcher_ios (0.0.1):
    - Flutter
  - video_player_avfoundation (0.0.1):
    - Flutter
    - FlutterMacOS
  - workmanager_apple (0.0.1):
    - Flutter

DEPENDENCIES:
  - audio_session (from `.symlinks/plugins/audio_session/ios`)
  - emoji_picker_flutter (from `.symlinks/plugins/emoji_picker_flutter/ios`)
  - file_picker (from `.symlinks/plugins/file_picker/ios`)
  - Flutter (from `Flutter`)
  - flutter_image_compress_common (from `.symlinks/plugins/flutter_image_compress_common/ios`)
  - flutter_local_notifications (from `.symlinks/plugins/flutter_local_notifications/ios`)
  - flutter_secure_storage_darwin (from `.symlinks/plugins/flutter_secure_storage_darwin/darwin`)
  - flutter_soloud (from `.symlinks/plugins/flutter_soloud/ios`)
  - flutter_sound (from `.symlinks/plugins/flutter_sound/ios`)
  - flutter_timezone (from `.symlinks/plugins/flutter_timezone/ios`)
  - image_picker_ios (from `.symlinks/plugins/image_picker_ios/ios`)
  - integration_test (from `.symlinks/plugins/integration_test/ios`)
  - just_audio (from `.symlinks/plugins/just_audio/darwin`)
  - local_auth_darwin (from `.symlinks/plugins/local_auth_darwin/darwin`)
  - mobile_scanner (from `.symlinks/plugins/mobile_scanner/darwin`)
  - permission_handler_apple (from `.symlinks/plugins/permission_handler_apple/ios`)
  - prism_sync (from `.symlinks/plugins/prism_sync/ios`)
  - record_ios (from `.symlinks/plugins/record_ios/ios`)
  - share_plus (from `.symlinks/plugins/share_plus/ios`)
  - shared_preferences_foundation (from `.symlinks/plugins/shared_preferences_foundation/darwin`)
  - url_launcher_ios (from `.symlinks/plugins/url_launcher_ios/ios`)
  - video_player_avfoundation (from `.symlinks/plugins/video_player_avfoundation/darwin`)
  - workmanager_apple (from `.symlinks/plugins/workmanager_apple/ios`)

SPEC REPOS:
  trunk:
    - DKImagePickerController
    - DKPhotoGallery
    - flutter_sound_core
    - libwebp
    - Mantle
    - SDWebImage
    - SDWebImageWebPCoder
    - SwiftyGif

EXTERNAL SOURCES:
  audio_session:
    :path: ".symlinks/plugins/audio_session/ios"
  emoji_picker_flutter:
    :path: ".symlinks/plugins/emoji_picker_flutter/ios"
  file_picker:
    :path: ".symlinks/plugins/file_picker/ios"
  Flutter:
    :path: Flutter
  flutter_image_compress_common:
    :path: ".symlinks/plugins/flutter_image_compress_common/ios"
  flutter_local_notifications:
    :path: ".symlinks/plugins/flutter_local_notifications/ios"
  flutter_secure_storage_darwin:
    :path: ".symlinks/plugins/flutter_secure_storage_darwin/darwin"
  flutter_soloud:
    :path: ".symlinks/plugins/flutter_soloud/ios"
  flutter_sound:
    :path: ".symlinks/plugins/flutter_sound/ios"
  flutter_timezone:
    :path: ".symlinks/plugins/flutter_timezone/ios"
  image_picker_ios:
    :path: ".symlinks/plugins/image_picker_ios/ios"
  integration_test:
    :path: ".symlinks/plugins/integration_test/ios"
  just_audio:
    :path: ".symlinks/plugins/just_audio/darwin"
  local_auth_darwin:
    :path: ".symlinks/plugins/local_auth_darwin/darwin"
  mobile_scanner:
    :path: ".symlinks/plugins/mobile_scanner/darwin"
  permission_handler_apple:
    :path: ".symlinks/plugins/permission_handler_apple/ios"
  prism_sync:
    :path: ".symlinks/plugins/prism_sync/ios"
  record_ios:
    :path: ".symlinks/plugins/record_ios/ios"
  share_plus:
    :path: ".symlinks/plugins/share_plus/ios"
  shared_preferences_foundation:
    :path: ".symlinks/plugins/shared_preferences_foundation/darwin"
  url_launcher_ios:
    :path: ".symlinks/plugins/url_launcher_ios/ios"
  video_player_avfoundation:
    :path: ".symlinks/plugins/video_player_avfoundation/darwin"
  workmanager_apple:
    :path: ".symlinks/plugins/workmanager_apple/ios"

SPEC CHECKSUMS:
  audio_session: 9bb7f6c970f21241b19f5a3658097ae459681ba0
  DKImagePickerController: 946cec48c7873164274ecc4624d19e3da4c1ef3c
  DKPhotoGallery: b3834fecb755ee09a593d7c9e389d8b5d6deed60
  emoji_picker_flutter: ece213fc274bdddefb77d502d33080dc54e616cc
  file_picker: a0560bc09d61de87f12d246fc47d2119e6ef37be
  Flutter: cabc95a1d2626b1b06e7179b784ebcf0c0cde467
  flutter_image_compress_common: 1697a328fd72bfb335507c6bca1a65fa5ad87df1
  flutter_local_notifications: 643a3eda1ce1c0599413ca31672536d423dee214
  flutter_secure_storage_darwin: acdb3f316ed05a3e68f856e0353b133eec373a23
  flutter_soloud: 36ce2187d963af39574624a05fb03a62cdbac976
  flutter_sound: d95194f6476c9ad211d22b3a414d852c12c7ca44
  flutter_sound_core: 7f2626d249d3a57bfa6da892ef7e22d234482c1a
  flutter_timezone: ee50ce7786b5fde27e2fe5375bbc8c9661ffc13f
  image_picker_ios: e0ece4aa2a75771a7de3fa735d26d90817041326
  integration_test: 4a889634ef21a45d28d50d622cf412dc6d9f586e
  just_audio: 4e391f57b79cad2b0674030a00453ca5ce817eed
  libwebp: 02b23773aedb6ff1fd38cec7a77b81414c6842a8
  local_auth_darwin: c3ee6cce0a8d56be34c8ccb66ba31f7f180aaebb
  Mantle: c5aa8794a29a022dfbbfc9799af95f477a69b62d
  mobile_scanner: 9157936403f5a0644ca3779a38ff8404c5434a93
  permission_handler_apple: 4ed2196e43d0651e8ff7ca3483a069d469701f2d
  prism_sync: 97b164793f88ed99724f02790c4eae66f9eead6e
  record_ios: 412daca2350b228e698fffcd08f1f94ceb1e3844
  SDWebImage: e9fc87c1aab89a8ab1bbd74eba378c6f53be8abf
  SDWebImageWebPCoder: 0e06e365080397465cc73a7a9b472d8a3bd0f377
  share_plus: 50da8cb520a8f0f65671c6c6a99b3617ed10a58a
  shared_preferences_foundation: 7036424c3d8ec98dfe75ff1667cb0cd531ec82bb
  SwiftyGif: 706c60cf65fa2bc5ee0313beece843c8eb8194d4
  url_launcher_ios: 7a95fa5b60cc718a708b8f2966718e93db0cef1b
  video_player_avfoundation: dd410b52df6d2466a42d28550e33e4146928280a
  workmanager_apple: 904529ae31e97fc5be632cf628507652294a0778

PODFILE CHECKSUM: fa50782b780d5c0ba008470a9665b20bc3533a3c

COCOAPODS: 1.16.2
